
Microsoft Visual Studio Solution File, Format Version 12.00
# Visual Studio Version 16
VisualStudioVersion = 16.0.29201.188
MinimumVisualStudioVersion = 10.0.40219.1
Project("{FAE04EC0-301F-11D3-BF4B-00C04F79EFBC}") = "2.4 ProductWithDiscount", "2.4 ProductWithDiscount.csproj", "{51134215-2D32-4217-A5BB-779AD2D06B05}"
EndProject
Global
	GlobalSection(SolutionConfigurationPlatforms) = preSolution
		Debug|Any CPU = Debug|Any CPU
		Release|Any CPU = Release|Any CPU
	EndGlobalSection
	GlobalSection(ProjectConfigurationPlatforms) = postSolution
		{51134215-2D32-4217-A5BB-779AD2D06B05}.Debug|Any CPU.ActiveCfg = Debug|Any CPU
		{51134215-2D32-4217-A5BB-779AD2D06B05}.Debug|Any CPU.Build.0 = Debug|Any CPU
		{51134215-2D32-4217-A5BB-779AD2D06B05}.Release|Any CPU.ActiveCfg = Release|Any CPU
		{51134215-2D32-4217-A5BB-779AD2D06B05}.Release|Any CPU.Build.0 = Release|Any CPU
	EndGlobalSection
	GlobalSection(SolutionProperties) = preSolution
		HideSolutionNode = FALSE
	EndGlobalSection
	GlobalSection(ExtensibilityGlobals) = postSolution
		SolutionGuid = {6D9C7251-1BFB-4501-A477-108F8ADEAA6D}
	EndGlobalSection
EndGlobal
