
Microsoft Visual Studio Solution File, Format Version 12.00
# Visual Studio Version 16
VisualStudioVersion = 16.0.29201.188
MinimumVisualStudioVersion = 10.0.40219.1
Project("{FAE04EC0-301F-11D3-BF4B-00C04F79EFBC}") = "2.3 Elements", "2.3 Elements.csproj", "{F5A90CDC-63B3-4669-8B79-89A2C2E4808B}"
EndProject
Global
	GlobalSection(SolutionConfigurationPlatforms) = preSolution
		Debug|Any CPU = Debug|Any CPU
		Release|Any CPU = Release|Any CPU
	EndGlobalSection
	GlobalSection(ProjectConfigurationPlatforms) = postSolution
		{F5A90CDC-63B3-4669-8B79-89A2C2E4808B}.Debug|Any CPU.ActiveCfg = Debug|Any CPU
		{F5A90CDC-63B3-4669-8B79-89A2C2E4808B}.Debug|Any CPU.Build.0 = Debug|Any CPU
		{F5A90CDC-63B3-4669-8B79-89A2C2E4808B}.Release|Any CPU.ActiveCfg = Release|Any CPU
		{F5A90CDC-63B3-4669-8B79-89A2C2E4808B}.Release|Any CPU.Build.0 = Release|Any CPU
	EndGlobalSection
	GlobalSection(SolutionProperties) = preSolution
		HideSolutionNode = FALSE
	EndGlobalSection
	GlobalSection(ExtensibilityGlobals) = postSolution
		SolutionGuid = {B6609992-23BD-4B2B-A1D7-11C61C79860A}
	EndGlobalSection
EndGlobal
