
Microsoft Visual Studio Solution File, Format Version 12.00
# Visual Studio Version 16
VisualStudioVersion = 16.0.29201.188
MinimumVisualStudioVersion = 10.0.40219.1
Project("{FAE04EC0-301F-11D3-BF4B-00C04F79EFBC}") = "3.3 Callback", "3.3 Callback.csproj", "{5A213EB6-DB86-4A1A-ABAD-22766627666B}"
EndProject
Global
	GlobalSection(SolutionConfigurationPlatforms) = preSolution
		Debug|Any CPU = Debug|Any CPU
		Release|Any CPU = Release|Any CPU
	EndGlobalSection
	GlobalSection(ProjectConfigurationPlatforms) = postSolution
		{5A213EB6-DB86-4A1A-ABAD-22766627666B}.Debug|Any CPU.ActiveCfg = Debug|Any CPU
		{5A213EB6-DB86-4A1A-ABAD-22766627666B}.Debug|Any CPU.Build.0 = Debug|Any CPU
		{5A213EB6-DB86-4A1A-ABAD-22766627666B}.Release|Any CPU.ActiveCfg = Release|Any CPU
		{5A213EB6-DB86-4A1A-ABAD-22766627666B}.Release|Any CPU.Build.0 = Release|Any CPU
	EndGlobalSection
	GlobalSection(SolutionProperties) = preSolution
		HideSolutionNode = FALSE
	EndGlobalSection
	GlobalSection(ExtensibilityGlobals) = postSolution
		SolutionGuid = {FDBFF4C2-E49F-4476-838A-AEF1C8BB29A1}
	EndGlobalSection
EndGlobal
