
Microsoft Visual Studio Solution File, Format Version 12.00
# Visual Studio Version 16
VisualStudioVersion = 16.0.29201.188
MinimumVisualStudioVersion = 10.0.40219.1
Project("{FAE04EC0-301F-11D3-BF4B-00C04F79EFBC}") = "GarbageCollector", "GarbageCollector.csproj", "{7E8EC9E6-8A4D-4D4F-868F-A9C8D58F2538}"
EndProject
Global
	GlobalSection(SolutionConfigurationPlatforms) = preSolution
		Debug|Any CPU = Debug|Any CPU
		Release|Any CPU = Release|Any CPU
	EndGlobalSection
	GlobalSection(ProjectConfigurationPlatforms) = postSolution
		{7E8EC9E6-8A4D-4D4F-868F-A9C8D58F2538}.Debug|Any CPU.ActiveCfg = Debug|Any CPU
		{7E8EC9E6-8A4D-4D4F-868F-A9C8D58F2538}.Debug|Any CPU.Build.0 = Debug|Any CPU
		{7E8EC9E6-8A4D-4D4F-868F-A9C8D58F2538}.Release|Any CPU.ActiveCfg = Release|Any CPU
		{7E8EC9E6-8A4D-4D4F-868F-A9C8D58F2538}.Release|Any CPU.Build.0 = Release|Any CPU
	EndGlobalSection
	GlobalSection(SolutionProperties) = preSolution
		HideSolutionNode = FALSE
	EndGlobalSection
	GlobalSection(ExtensibilityGlobals) = postSolution
		SolutionGuid = {B38D4746-EBD9-4DCE-8E09-69732B409553}
	EndGlobalSection
EndGlobal
